
Microsoft Visual Studio Solution File, Format Version 12.00
# Visual Studio Version 17
VisualStudioVersion = 17.12.35527.113
MinimumVisualStudioVersion = 10.0.40219.1
Project("{FAE04EC0-301F-11D3-BF4B-00C04F79EFBC}") = "orgEventos1", "orgEventos1.csproj", "{60225CC9-F60E-4B15-88C0-B1F0C1972BAA}"
EndProject
Project("{FAE04EC0-301F-11D3-BF4B-00C04F79EFBC}") = "orgEventos1 - DATA", "..\orgEventos1 - DATA\orgEventos1 - DATA.csproj", "{F77AC393-5BAC-47AA-937D-DCA90244A547}"
EndProject
Global
	GlobalSection(SolutionConfigurationPlatforms) = preSolution
		Debug|Any CPU = Debug|Any CPU
		Release|Any CPU = Release|Any CPU
	EndGlobalSection
	GlobalSection(ProjectConfigurationPlatforms) = postSolution
		{60225CC9-F60E-4B15-88C0-B1F0C1972BAA}.Debug|Any CPU.ActiveCfg = Debug|Any CPU
		{60225CC9-F60E-4B15-88C0-B1F0C1972BAA}.Debug|Any CPU.Build.0 = Debug|Any CPU
		{60225CC9-F60E-4B15-88C0-B1F0C1972BAA}.Release|Any CPU.ActiveCfg = Release|Any CPU
		{60225CC9-F60E-4B15-88C0-B1F0C1972BAA}.Release|Any CPU.Build.0 = Release|Any CPU
		{F77AC393-5BAC-47AA-937D-DCA90244A547}.Debug|Any CPU.ActiveCfg = Debug|Any CPU
		{F77AC393-5BAC-47AA-937D-DCA90244A547}.Debug|Any CPU.Build.0 = Debug|Any CPU
		{F77AC393-5BAC-47AA-937D-DCA90244A547}.Release|Any CPU.ActiveCfg = Release|Any CPU
		{F77AC393-5BAC-47AA-937D-DCA90244A547}.Release|Any CPU.Build.0 = Release|Any CPU
	EndGlobalSection
	GlobalSection(SolutionProperties) = preSolution
		HideSolutionNode = FALSE
	EndGlobalSection
EndGlobal
